
Microsoft Visual Studio Solution File, Format Version 12.00
# Visual Studio Version 17
VisualStudioVersion = 17.0.32126.317
MinimumVisualStudioVersion = 10.0.40219.1
Project("{FAE04EC0-301F-11D3-BF4B-00C04F79EFBC}") = "coordenadas", "coordenadas\coordenadas.csproj", "{7AB4C3F2-7C0D-4358-BB48-BA463C5B4B3A}"
EndProject
Global
	GlobalSection(SolutionConfigurationPlatforms) = preSolution
		Debug|Any CPU = Debug|Any CPU
		Release|Any CPU = Release|Any CPU
	EndGlobalSection
	GlobalSection(ProjectConfigurationPlatforms) = postSolution
		{7AB4C3F2-7C0D-4358-BB48-BA463C5B4B3A}.Debug|Any CPU.ActiveCfg = Debug|Any CPU
		{7AB4C3F2-7C0D-4358-BB48-BA463C5B4B3A}.Debug|Any CPU.Build.0 = Debug|Any CPU
		{7AB4C3F2-7C0D-4358-BB48-BA463C5B4B3A}.Release|Any CPU.ActiveCfg = Release|Any CPU
		{7AB4C3F2-7C0D-4358-BB48-BA463C5B4B3A}.Release|Any CPU.Build.0 = Release|Any CPU
	EndGlobalSection
	GlobalSection(SolutionProperties) = preSolution
		HideSolutionNode = FALSE
	EndGlobalSection
	GlobalSection(ExtensibilityGlobals) = postSolution
		SolutionGuid = {14A69AA2-91A0-41F3-8577-983CDDDE7321}
	EndGlobalSection
EndGlobal
