
Microsoft Visual Studio Solution File, Format Version 12.00
# Visual Studio Version 17
VisualStudioVersion = 17.0.32126.317
MinimumVisualStudioVersion = 10.0.40219.1
Project("{FAE04EC0-301F-11D3-BF4B-00C04F79EFBC}") = "soma_vetor", "soma_vetor\soma_vetor.csproj", "{73AFE49D-BDE4-4F07-A753-67037681B527}"
EndProject
Global
	GlobalSection(SolutionConfigurationPlatforms) = preSolution
		Debug|Any CPU = Debug|Any CPU
		Release|Any CPU = Release|Any CPU
	EndGlobalSection
	GlobalSection(ProjectConfigurationPlatforms) = postSolution
		{73AFE49D-BDE4-4F07-A753-67037681B527}.Debug|Any CPU.ActiveCfg = Debug|Any CPU
		{73AFE49D-BDE4-4F07-A753-67037681B527}.Debug|Any CPU.Build.0 = Debug|Any CPU
		{73AFE49D-BDE4-4F07-A753-67037681B527}.Release|Any CPU.ActiveCfg = Release|Any CPU
		{73AFE49D-BDE4-4F07-A753-67037681B527}.Release|Any CPU.Build.0 = Release|Any CPU
	EndGlobalSection
	GlobalSection(SolutionProperties) = preSolution
		HideSolutionNode = FALSE
	EndGlobalSection
	GlobalSection(ExtensibilityGlobals) = postSolution
		SolutionGuid = {395346B7-F62F-484A-B561-8360297776D5}
	EndGlobalSection
EndGlobal
