
Microsoft Visual Studio Solution File, Format Version 12.00
# Visual Studio Version 17
VisualStudioVersion = 17.0.32112.339
MinimumVisualStudioVersion = 10.0.40219.1
Project("{FAE04EC0-301F-11D3-BF4B-00C04F79EFBC}") = "circulo", "circulo\circulo.csproj", "{A44F5D35-1BE6-4DFE-9283-9DF717EFCF99}"
EndProject
Global
	GlobalSection(SolutionConfigurationPlatforms) = preSolution
		Debug|Any CPU = Debug|Any CPU
		Release|Any CPU = Release|Any CPU
	EndGlobalSection
	GlobalSection(ProjectConfigurationPlatforms) = postSolution
		{A44F5D35-1BE6-4DFE-9283-9DF717EFCF99}.Debug|Any CPU.ActiveCfg = Debug|Any CPU
		{A44F5D35-1BE6-4DFE-9283-9DF717EFCF99}.Debug|Any CPU.Build.0 = Debug|Any CPU
		{A44F5D35-1BE6-4DFE-9283-9DF717EFCF99}.Release|Any CPU.ActiveCfg = Release|Any CPU
		{A44F5D35-1BE6-4DFE-9283-9DF717EFCF99}.Release|Any CPU.Build.0 = Release|Any CPU
	EndGlobalSection
	GlobalSection(SolutionProperties) = preSolution
		HideSolutionNode = FALSE
	EndGlobalSection
	GlobalSection(ExtensibilityGlobals) = postSolution
		SolutionGuid = {21439E85-7F23-487A-8ACC-ECA549E41C42}
	EndGlobalSection
EndGlobal
