
Microsoft Visual Studio Solution File, Format Version 12.00
# Visual Studio Version 17
VisualStudioVersion = 17.0.32112.339
MinimumVisualStudioVersion = 10.0.40219.1
Project("{FAE04EC0-301F-11D3-BF4B-00C04F79EFBC}") = "pagamento", "pagamento\pagamento.csproj", "{EFE4D594-28D0-4551-9CF0-8CAC21B13681}"
EndProject
Global
	GlobalSection(SolutionConfigurationPlatforms) = preSolution
		Debug|Any CPU = Debug|Any CPU
		Release|Any CPU = Release|Any CPU
	EndGlobalSection
	GlobalSection(ProjectConfigurationPlatforms) = postSolution
		{EFE4D594-28D0-4551-9CF0-8CAC21B13681}.Debug|Any CPU.ActiveCfg = Debug|Any CPU
		{EFE4D594-28D0-4551-9CF0-8CAC21B13681}.Debug|Any CPU.Build.0 = Debug|Any CPU
		{EFE4D594-28D0-4551-9CF0-8CAC21B13681}.Release|Any CPU.ActiveCfg = Release|Any CPU
		{EFE4D594-28D0-4551-9CF0-8CAC21B13681}.Release|Any CPU.Build.0 = Release|Any CPU
	EndGlobalSection
	GlobalSection(SolutionProperties) = preSolution
		HideSolutionNode = FALSE
	EndGlobalSection
	GlobalSection(ExtensibilityGlobals) = postSolution
		SolutionGuid = {9283DB82-1FB8-4020-8070-6625DD936245}
	EndGlobalSection
EndGlobal
