
Microsoft Visual Studio Solution File, Format Version 12.00
# Visual Studio Version 17
VisualStudioVersion = 17.0.32126.317
MinimumVisualStudioVersion = 10.0.40219.1
Project("{FAE04EC0-301F-11D3-BF4B-00C04F79EFBC}") = "acima_diagonal", "acima_diagonal\acima_diagonal.csproj", "{39376D68-76B7-4730-BE7E-CD3FD45CFED9}"
EndProject
Global
	GlobalSection(SolutionConfigurationPlatforms) = preSolution
		Debug|Any CPU = Debug|Any CPU
		Release|Any CPU = Release|Any CPU
	EndGlobalSection
	GlobalSection(ProjectConfigurationPlatforms) = postSolution
		{39376D68-76B7-4730-BE7E-CD3FD45CFED9}.Debug|Any CPU.ActiveCfg = Debug|Any CPU
		{39376D68-76B7-4730-BE7E-CD3FD45CFED9}.Debug|Any CPU.Build.0 = Debug|Any CPU
		{39376D68-76B7-4730-BE7E-CD3FD45CFED9}.Release|Any CPU.ActiveCfg = Release|Any CPU
		{39376D68-76B7-4730-BE7E-CD3FD45CFED9}.Release|Any CPU.Build.0 = Release|Any CPU
	EndGlobalSection
	GlobalSection(SolutionProperties) = preSolution
		HideSolutionNode = FALSE
	EndGlobalSection
	GlobalSection(ExtensibilityGlobals) = postSolution
		SolutionGuid = {C2D072B8-9C16-40E8-A9C5-911D4B1EF7C5}
	EndGlobalSection
EndGlobal
