
Microsoft Visual Studio Solution File, Format Version 12.00
# Visual Studio Version 17
VisualStudioVersion = 17.0.32112.339
MinimumVisualStudioVersion = 10.0.40219.1
Project("{FAE04EC0-301F-11D3-BF4B-00C04F79EFBC}") = "consumo", "consumo\consumo.csproj", "{EF8E918C-96D1-4C1C-9243-73E956906801}"
EndProject
Global
	GlobalSection(SolutionConfigurationPlatforms) = preSolution
		Debug|Any CPU = Debug|Any CPU
		Release|Any CPU = Release|Any CPU
	EndGlobalSection
	GlobalSection(ProjectConfigurationPlatforms) = postSolution
		{EF8E918C-96D1-4C1C-9243-73E956906801}.Debug|Any CPU.ActiveCfg = Debug|Any CPU
		{EF8E918C-96D1-4C1C-9243-73E956906801}.Debug|Any CPU.Build.0 = Debug|Any CPU
		{EF8E918C-96D1-4C1C-9243-73E956906801}.Release|Any CPU.ActiveCfg = Release|Any CPU
		{EF8E918C-96D1-4C1C-9243-73E956906801}.Release|Any CPU.Build.0 = Release|Any CPU
	EndGlobalSection
	GlobalSection(SolutionProperties) = preSolution
		HideSolutionNode = FALSE
	EndGlobalSection
	GlobalSection(ExtensibilityGlobals) = postSolution
		SolutionGuid = {E49CD156-C8AA-411B-B1F8-B7E5444A4421}
	EndGlobalSection
EndGlobal
