
Microsoft Visual Studio Solution File, Format Version 12.00
# Visual Studio Version 17
VisualStudioVersion = 17.0.32126.317
MinimumVisualStudioVersion = 10.0.40219.1
Project("{FAE04EC0-301F-11D3-BF4B-00C04F79EFBC}") = "menor_de_tres", "menor_de_tres\menor_de_tres.csproj", "{B60F86E4-809A-4179-84D0-6872C88EDC22}"
EndProject
Global
	GlobalSection(SolutionConfigurationPlatforms) = preSolution
		Debug|Any CPU = Debug|Any CPU
		Release|Any CPU = Release|Any CPU
	EndGlobalSection
	GlobalSection(ProjectConfigurationPlatforms) = postSolution
		{B60F86E4-809A-4179-84D0-6872C88EDC22}.Debug|Any CPU.ActiveCfg = Debug|Any CPU
		{B60F86E4-809A-4179-84D0-6872C88EDC22}.Debug|Any CPU.Build.0 = Debug|Any CPU
		{B60F86E4-809A-4179-84D0-6872C88EDC22}.Release|Any CPU.ActiveCfg = Release|Any CPU
		{B60F86E4-809A-4179-84D0-6872C88EDC22}.Release|Any CPU.Build.0 = Release|Any CPU
	EndGlobalSection
	GlobalSection(SolutionProperties) = preSolution
		HideSolutionNode = FALSE
	EndGlobalSection
	GlobalSection(ExtensibilityGlobals) = postSolution
		SolutionGuid = {B4E0758C-28DC-4B65-958D-E6B0BC4384A6}
	EndGlobalSection
EndGlobal
