
Microsoft Visual Studio Solution File, Format Version 12.00
# Visual Studio Version 17
VisualStudioVersion = 17.0.32112.339
MinimumVisualStudioVersion = 10.0.40219.1
Project("{FAE04EC0-301F-11D3-BF4B-00C04F79EFBC}") = "processamento_de_dados", "processamento_de_dados\processamento_de_dados.csproj", "{C2DA71A8-DF90-4F42-96FF-224167CB6D97}"
EndProject
Global
	GlobalSection(SolutionConfigurationPlatforms) = preSolution
		Debug|Any CPU = Debug|Any CPU
		Release|Any CPU = Release|Any CPU
	EndGlobalSection
	GlobalSection(ProjectConfigurationPlatforms) = postSolution
		{C2DA71A8-DF90-4F42-96FF-224167CB6D97}.Debug|Any CPU.ActiveCfg = Debug|Any CPU
		{C2DA71A8-DF90-4F42-96FF-224167CB6D97}.Debug|Any CPU.Build.0 = Debug|Any CPU
		{C2DA71A8-DF90-4F42-96FF-224167CB6D97}.Release|Any CPU.ActiveCfg = Release|Any CPU
		{C2DA71A8-DF90-4F42-96FF-224167CB6D97}.Release|Any CPU.Build.0 = Release|Any CPU
	EndGlobalSection
	GlobalSection(SolutionProperties) = preSolution
		HideSolutionNode = FALSE
	EndGlobalSection
	GlobalSection(ExtensibilityGlobals) = postSolution
		SolutionGuid = {11999752-E310-425C-975A-7B2D68167873}
	EndGlobalSection
EndGlobal
