
Microsoft Visual Studio Solution File, Format Version 12.00
# Visual Studio Version 17
VisualStudioVersion = 17.0.32112.339
MinimumVisualStudioVersion = 10.0.40219.1
Project("{FAE04EC0-301F-11D3-BF4B-00C04F79EFBC}") = "vetores", "vetores\vetores.csproj", "{CBE764F3-A9BE-4C79-A16C-04276721F0CA}"
EndProject
Global
	GlobalSection(SolutionConfigurationPlatforms) = preSolution
		Debug|Any CPU = Debug|Any CPU
		Release|Any CPU = Release|Any CPU
	EndGlobalSection
	GlobalSection(ProjectConfigurationPlatforms) = postSolution
		{CBE764F3-A9BE-4C79-A16C-04276721F0CA}.Debug|Any CPU.ActiveCfg = Debug|Any CPU
		{CBE764F3-A9BE-4C79-A16C-04276721F0CA}.Debug|Any CPU.Build.0 = Debug|Any CPU
		{CBE764F3-A9BE-4C79-A16C-04276721F0CA}.Release|Any CPU.ActiveCfg = Release|Any CPU
		{CBE764F3-A9BE-4C79-A16C-04276721F0CA}.Release|Any CPU.Build.0 = Release|Any CPU
	EndGlobalSection
	GlobalSection(SolutionProperties) = preSolution
		HideSolutionNode = FALSE
	EndGlobalSection
	GlobalSection(ExtensibilityGlobals) = postSolution
		SolutionGuid = {7655FF4B-7CBA-46B4-98FA-35369E432838}
	EndGlobalSection
EndGlobal
