
Microsoft Visual Studio Solution File, Format Version 12.00
# Visual Studio Version 17
VisualStudioVersion = 17.0.32126.317
MinimumVisualStudioVersion = 10.0.40219.1
Project("{FAE04EC0-301F-11D3-BF4B-00C04F79EFBC}") = "abaixo_da_media", "abaixo_da_media\abaixo_da_media.csproj", "{A884FF5E-A4CA-4D91-9F25-4A8FDE6EA54B}"
EndProject
Global
	GlobalSection(SolutionConfigurationPlatforms) = preSolution
		Debug|Any CPU = Debug|Any CPU
		Release|Any CPU = Release|Any CPU
	EndGlobalSection
	GlobalSection(ProjectConfigurationPlatforms) = postSolution
		{A884FF5E-A4CA-4D91-9F25-4A8FDE6EA54B}.Debug|Any CPU.ActiveCfg = Debug|Any CPU
		{A884FF5E-A4CA-4D91-9F25-4A8FDE6EA54B}.Debug|Any CPU.Build.0 = Debug|Any CPU
		{A884FF5E-A4CA-4D91-9F25-4A8FDE6EA54B}.Release|Any CPU.ActiveCfg = Release|Any CPU
		{A884FF5E-A4CA-4D91-9F25-4A8FDE6EA54B}.Release|Any CPU.Build.0 = Release|Any CPU
	EndGlobalSection
	GlobalSection(SolutionProperties) = preSolution
		HideSolutionNode = FALSE
	EndGlobalSection
	GlobalSection(ExtensibilityGlobals) = postSolution
		SolutionGuid = {03DCF24D-3B91-4561-A9DD-78DD3BBFC3BC}
	EndGlobalSection
EndGlobal
