
Microsoft Visual Studio Solution File, Format Version 12.00
# Visual Studio Version 17
VisualStudioVersion = 17.0.32126.317
MinimumVisualStudioVersion = 10.0.40219.1
Project("{FAE04EC0-301F-11D3-BF4B-00C04F79EFBC}") = "mais_velho", "mais_velho\mais_velho.csproj", "{D190FD29-EFA0-43C5-BBDF-30B96983B4FD}"
EndProject
Global
	GlobalSection(SolutionConfigurationPlatforms) = preSolution
		Debug|Any CPU = Debug|Any CPU
		Release|Any CPU = Release|Any CPU
	EndGlobalSection
	GlobalSection(ProjectConfigurationPlatforms) = postSolution
		{D190FD29-EFA0-43C5-BBDF-30B96983B4FD}.Debug|Any CPU.ActiveCfg = Debug|Any CPU
		{D190FD29-EFA0-43C5-BBDF-30B96983B4FD}.Debug|Any CPU.Build.0 = Debug|Any CPU
		{D190FD29-EFA0-43C5-BBDF-30B96983B4FD}.Release|Any CPU.ActiveCfg = Release|Any CPU
		{D190FD29-EFA0-43C5-BBDF-30B96983B4FD}.Release|Any CPU.Build.0 = Release|Any CPU
	EndGlobalSection
	GlobalSection(SolutionProperties) = preSolution
		HideSolutionNode = FALSE
	EndGlobalSection
	GlobalSection(ExtensibilityGlobals) = postSolution
		SolutionGuid = {8975168A-DF7E-454F-9C11-0D12BA60C507}
	EndGlobalSection
EndGlobal
