
Microsoft Visual Studio Solution File, Format Version 12.00
# Visual Studio Version 17
VisualStudioVersion = 17.0.32126.317
MinimumVisualStudioVersion = 10.0.40219.1
Project("{FAE04EC0-301F-11D3-BF4B-00C04F79EFBC}") = "dentro_fora", "dentro_fora\dentro_fora.csproj", "{10729263-11E2-4440-8339-A41E0B834029}"
EndProject
Global
	GlobalSection(SolutionConfigurationPlatforms) = preSolution
		Debug|Any CPU = Debug|Any CPU
		Release|Any CPU = Release|Any CPU
	EndGlobalSection
	GlobalSection(ProjectConfigurationPlatforms) = postSolution
		{10729263-11E2-4440-8339-A41E0B834029}.Debug|Any CPU.ActiveCfg = Debug|Any CPU
		{10729263-11E2-4440-8339-A41E0B834029}.Debug|Any CPU.Build.0 = Debug|Any CPU
		{10729263-11E2-4440-8339-A41E0B834029}.Release|Any CPU.ActiveCfg = Release|Any CPU
		{10729263-11E2-4440-8339-A41E0B834029}.Release|Any CPU.Build.0 = Release|Any CPU
	EndGlobalSection
	GlobalSection(SolutionProperties) = preSolution
		HideSolutionNode = FALSE
	EndGlobalSection
	GlobalSection(ExtensibilityGlobals) = postSolution
		SolutionGuid = {22E31BBD-7D6C-47CB-A0AB-52FA8AE365F0}
	EndGlobalSection
EndGlobal
