
Microsoft Visual Studio Solution File, Format Version 12.00
# Visual Studio Version 17
VisualStudioVersion = 17.0.32112.339
MinimumVisualStudioVersion = 10.0.40219.1
Project("{FAE04EC0-301F-11D3-BF4B-00C04F79EFBC}") = "medidas", "medidas\medidas.csproj", "{551801AD-4131-484C-A373-3AE65F30AD54}"
EndProject
Global
	GlobalSection(SolutionConfigurationPlatforms) = preSolution
		Debug|Any CPU = Debug|Any CPU
		Release|Any CPU = Release|Any CPU
	EndGlobalSection
	GlobalSection(ProjectConfigurationPlatforms) = postSolution
		{551801AD-4131-484C-A373-3AE65F30AD54}.Debug|Any CPU.ActiveCfg = Debug|Any CPU
		{551801AD-4131-484C-A373-3AE65F30AD54}.Debug|Any CPU.Build.0 = Debug|Any CPU
		{551801AD-4131-484C-A373-3AE65F30AD54}.Release|Any CPU.ActiveCfg = Release|Any CPU
		{551801AD-4131-484C-A373-3AE65F30AD54}.Release|Any CPU.Build.0 = Release|Any CPU
	EndGlobalSection
	GlobalSection(SolutionProperties) = preSolution
		HideSolutionNode = FALSE
	EndGlobalSection
	GlobalSection(ExtensibilityGlobals) = postSolution
		SolutionGuid = {0DFEAD35-20F8-41C1-B68B-7C886DD51170}
	EndGlobalSection
EndGlobal
