
Microsoft Visual Studio Solution File, Format Version 12.00
# Visual Studio Version 17
VisualStudioVersion = 17.0.32126.317
MinimumVisualStudioVersion = 10.0.40219.1
Project("{FAE04EC0-301F-11D3-BF4B-00C04F79EFBC}") = "lanchonete", "lanchonete\lanchonete.csproj", "{6BE35574-9435-4622-A0AC-705F35E3ACCE}"
EndProject
Global
	GlobalSection(SolutionConfigurationPlatforms) = preSolution
		Debug|Any CPU = Debug|Any CPU
		Release|Any CPU = Release|Any CPU
	EndGlobalSection
	GlobalSection(ProjectConfigurationPlatforms) = postSolution
		{6BE35574-9435-4622-A0AC-705F35E3ACCE}.Debug|Any CPU.ActiveCfg = Debug|Any CPU
		{6BE35574-9435-4622-A0AC-705F35E3ACCE}.Debug|Any CPU.Build.0 = Debug|Any CPU
		{6BE35574-9435-4622-A0AC-705F35E3ACCE}.Release|Any CPU.ActiveCfg = Release|Any CPU
		{6BE35574-9435-4622-A0AC-705F35E3ACCE}.Release|Any CPU.Build.0 = Release|Any CPU
	EndGlobalSection
	GlobalSection(SolutionProperties) = preSolution
		HideSolutionNode = FALSE
	EndGlobalSection
	GlobalSection(ExtensibilityGlobals) = postSolution
		SolutionGuid = {12C52A0C-DD25-4071-84B1-12CC73871C2E}
	EndGlobalSection
EndGlobal
