
Microsoft Visual Studio Solution File, Format Version 12.00
# Visual Studio Version 17
VisualStudioVersion = 17.0.32126.317
MinimumVisualStudioVersion = 10.0.40219.1
Project("{FAE04EC0-301F-11D3-BF4B-00C04F79EFBC}") = "crescente", "crescente\crescente.csproj", "{9C386957-3E46-4B9E-A2B2-EF76F445586D}"
EndProject
Global
	GlobalSection(SolutionConfigurationPlatforms) = preSolution
		Debug|Any CPU = Debug|Any CPU
		Release|Any CPU = Release|Any CPU
	EndGlobalSection
	GlobalSection(ProjectConfigurationPlatforms) = postSolution
		{9C386957-3E46-4B9E-A2B2-EF76F445586D}.Debug|Any CPU.ActiveCfg = Debug|Any CPU
		{9C386957-3E46-4B9E-A2B2-EF76F445586D}.Debug|Any CPU.Build.0 = Debug|Any CPU
		{9C386957-3E46-4B9E-A2B2-EF76F445586D}.Release|Any CPU.ActiveCfg = Release|Any CPU
		{9C386957-3E46-4B9E-A2B2-EF76F445586D}.Release|Any CPU.Build.0 = Release|Any CPU
	EndGlobalSection
	GlobalSection(SolutionProperties) = preSolution
		HideSolutionNode = FALSE
	EndGlobalSection
	GlobalSection(ExtensibilityGlobals) = postSolution
		SolutionGuid = {27313FE4-57DB-4D13-A0D4-108466BA74E9}
	EndGlobalSection
EndGlobal
